
Microsoft Visual Studio Solution File, Format Version 12.00
# Visual Studio Version 17
VisualStudioVersion = 17.11.35312.102
MinimumVisualStudioVersion = 10.0.40219.1
Project("{FAE04EC0-301F-11D3-BF4B-00C04F79EFBC}") = "AsyncTask", "AsyncTask\AsyncTask.csproj", "{9AB6BFFB-C369-4A9B-8496-92B3105905F9}"
EndProject
Global
	GlobalSection(SolutionConfigurationPlatforms) = preSolution
		Debug|Any CPU = Debug|Any CPU
		Release|Any CPU = Release|Any CPU
	EndGlobalSection
	GlobalSection(ProjectConfigurationPlatforms) = postSolution
		{9AB6BFFB-C369-4A9B-8496-92B3105905F9}.Debug|Any CPU.ActiveCfg = Debug|Any CPU
		{9AB6BFFB-C369-4A9B-8496-92B3105905F9}.Debug|Any CPU.Build.0 = Debug|Any CPU
		{9AB6BFFB-C369-4A9B-8496-92B3105905F9}.Release|Any CPU.ActiveCfg = Release|Any CPU
		{9AB6BFFB-C369-4A9B-8496-92B3105905F9}.Release|Any CPU.Build.0 = Release|Any CPU
	EndGlobalSection
	GlobalSection(SolutionProperties) = preSolution
		HideSolutionNode = FALSE
	EndGlobalSection
	GlobalSection(ExtensibilityGlobals) = postSolution
		SolutionGuid = {D6463147-DF2F-416D-9BB8-74C74ECE870B}
	EndGlobalSection
EndGlobal
